{
  "name": "@akson/ui-library",
  "version": "1.0.4",
  "lockfileVersion": 1,
  "requires": true,
  "dependencies": {
    "quasar": {
      "version": "2.16.5",
      "resolved": "https://registry.npmjs.org/quasar/-/quasar-2.16.5.tgz",
      "integrity": "sha512-9pjKOg/ZpbbBaKDLIkIKgd2JLaX+R3H2jKDPrlkHD56rp7L8WdxFZhxnG5JVfvW94pCNGtlepjgnli8wRhVFCQ=="
    }
  }
}
